
Microsoft Visual Studio Solution File, Format Version 12.00
# Visual Studio Version 17
VisualStudioVersion = 17.5.33530.505
MinimumVisualStudioVersion = 10.0.40219.1
Project("{9A19103F-16F7-4668-BE54-9A1E7A4F7556}") = "Serializacion", "Serializacion\Serializacion.csproj", "{1F3FF235-51EC-4683-B907-FE505CB0787F}"
EndProject
Project("{9A19103F-16F7-4668-BE54-9A1E7A4F7556}") = "JsonSerializacion", "JsonSerializacion\JsonSerializacion.csproj", "{0CEFD6DB-F7B4-4144-8DA6-48A856172FAC}"
EndProject
Global
	GlobalSection(SolutionConfigurationPlatforms) = preSolution
		Debug|Any CPU = Debug|Any CPU
		Release|Any CPU = Release|Any CPU
	EndGlobalSection
	GlobalSection(ProjectConfigurationPlatforms) = postSolution
		{1F3FF235-51EC-4683-B907-FE505CB0787F}.Debug|Any CPU.ActiveCfg = Debug|Any CPU
		{1F3FF235-51EC-4683-B907-FE505CB0787F}.Debug|Any CPU.Build.0 = Debug|Any CPU
		{1F3FF235-51EC-4683-B907-FE505CB0787F}.Release|Any CPU.ActiveCfg = Release|Any CPU
		{1F3FF235-51EC-4683-B907-FE505CB0787F}.Release|Any CPU.Build.0 = Release|Any CPU
		{0CEFD6DB-F7B4-4144-8DA6-48A856172FAC}.Debug|Any CPU.ActiveCfg = Debug|Any CPU
		{0CEFD6DB-F7B4-4144-8DA6-48A856172FAC}.Debug|Any CPU.Build.0 = Debug|Any CPU
		{0CEFD6DB-F7B4-4144-8DA6-48A856172FAC}.Release|Any CPU.ActiveCfg = Release|Any CPU
		{0CEFD6DB-F7B4-4144-8DA6-48A856172FAC}.Release|Any CPU.Build.0 = Release|Any CPU
	EndGlobalSection
	GlobalSection(SolutionProperties) = preSolution
		HideSolutionNode = FALSE
	EndGlobalSection
	GlobalSection(ExtensibilityGlobals) = postSolution
		SolutionGuid = {F97BC405-F248-46B5-90D0-029949E4A61F}
	EndGlobalSection
EndGlobal
